
Microsoft Visual Studio Solution File, Format Version 12.00
Project("{FAE04EC0-301F-11D3-BF4B-00C04F79EFBC}") = "Startran", "Startran\Startran.csproj", "{80232C36-F0E0-4107-86B0-74C82B0D6840}"
EndProject
Global
	GlobalSection(SolutionConfigurationPlatforms) = preSolution
		Debug|Any CPU = Debug|Any CPU
		Release|Any CPU = Release|Any CPU
	EndGlobalSection
	GlobalSection(ProjectConfigurationPlatforms) = postSolution
		{80232C36-F0E0-4107-86B0-74C82B0D6840}.Debug|Any CPU.ActiveCfg = Debug|Any CPU
		{80232C36-F0E0-4107-86B0-74C82B0D6840}.Debug|Any CPU.Build.0 = Debug|Any CPU
		{80232C36-F0E0-4107-86B0-74C82B0D6840}.Release|Any CPU.ActiveCfg = Release|Any CPU
		{80232C36-F0E0-4107-86B0-74C82B0D6840}.Release|Any CPU.Build.0 = Release|Any CPU
	EndGlobalSection
EndGlobal
